{
  "name": "rock-paper-scissor-game",
  "version": "1.0.0",
  "description": "A fun CLI rock-paper-scissors game",
  "main": "lib/game.js",
  "bin": {
    "rock-paper-scissor": "bin/index.js"
  },
  "author": "Haa",
  "license": "MIT",
  "keywords": [
    "cli",
    "game",
    "rock-paper-scissors"
  ]
}
